
Microsoft Visual Studio Solution File, Format Version 12.00
# Visual Studio Version 17
VisualStudioVersion = 17.9.34728.123
MinimumVisualStudioVersion = 10.0.40219.1
Project("{FAE04EC0-301F-11D3-BF4B-00C04F79EFBC}") = "ApplicationWebAspDotNet3", "ApplicationWebAspDotNet3.csproj", "{DC1B80D2-86A8-498D-9266-48D073315596}"
EndProject
Global
	GlobalSection(SolutionConfigurationPlatforms) = preSolution
		Debug|Any CPU = Debug|Any CPU
		Release|Any CPU = Release|Any CPU
	EndGlobalSection
	GlobalSection(ProjectConfigurationPlatforms) = postSolution
		{DC1B80D2-86A8-498D-9266-48D073315596}.Debug|Any CPU.ActiveCfg = Debug|Any CPU
		{DC1B80D2-86A8-498D-9266-48D073315596}.Debug|Any CPU.Build.0 = Debug|Any CPU
		{DC1B80D2-86A8-498D-9266-48D073315596}.Release|Any CPU.ActiveCfg = Release|Any CPU
		{DC1B80D2-86A8-498D-9266-48D073315596}.Release|Any CPU.Build.0 = Release|Any CPU
	EndGlobalSection
	GlobalSection(SolutionProperties) = preSolution
		HideSolutionNode = FALSE
	EndGlobalSection
	GlobalSection(ExtensibilityGlobals) = postSolution
		SolutionGuid = {3808A5E4-5571-49AA-922B-ADC0C4A4E785}
	EndGlobalSection
EndGlobal
